
Microsoft Visual Studio Solution File, Format Version 12.00
# Visual Studio Version 17
VisualStudioVersion = 17.14.36705.20 d17.14
MinimumVisualStudioVersion = 10.0.40219.1
Project("{FAE04EC0-301F-11D3-BF4B-00C04F79EFBC}") = "MovInventario.Web", "MovInventario.Web\MovInventario.Web.csproj", "{4D0903E8-D7DD-4267-999B-6C24CC15D8C1}"
EndProject
Project("{FAE04EC0-301F-11D3-BF4B-00C04F79EFBC}") = "MovInventario.Application", "MovInventario.Application\MovInventario.Application.csproj", "{38612120-B210-4246-9525-E901AE87EB03}"
EndProject
Project("{FAE04EC0-301F-11D3-BF4B-00C04F79EFBC}") = "MovInventario.Infrastructure", "MovInventario.Infrastructure\MovInventario.Infrastructure.csproj", "{0CABBA4B-AFB9-4D7E-AB17-881E1D989CE6}"
EndProject
Global
	GlobalSection(SolutionConfigurationPlatforms) = preSolution
		Debug|Any CPU = Debug|Any CPU
		Release|Any CPU = Release|Any CPU
	EndGlobalSection
	GlobalSection(ProjectConfigurationPlatforms) = postSolution
		{4D0903E8-D7DD-4267-999B-6C24CC15D8C1}.Debug|Any CPU.ActiveCfg = Debug|Any CPU
		{4D0903E8-D7DD-4267-999B-6C24CC15D8C1}.Debug|Any CPU.Build.0 = Debug|Any CPU
		{4D0903E8-D7DD-4267-999B-6C24CC15D8C1}.Release|Any CPU.ActiveCfg = Release|Any CPU
		{4D0903E8-D7DD-4267-999B-6C24CC15D8C1}.Release|Any CPU.Build.0 = Release|Any CPU
		{38612120-B210-4246-9525-E901AE87EB03}.Debug|Any CPU.ActiveCfg = Debug|Any CPU
		{38612120-B210-4246-9525-E901AE87EB03}.Debug|Any CPU.Build.0 = Debug|Any CPU
		{38612120-B210-4246-9525-E901AE87EB03}.Release|Any CPU.ActiveCfg = Release|Any CPU
		{38612120-B210-4246-9525-E901AE87EB03}.Release|Any CPU.Build.0 = Release|Any CPU
		{0CABBA4B-AFB9-4D7E-AB17-881E1D989CE6}.Debug|Any CPU.ActiveCfg = Debug|Any CPU
		{0CABBA4B-AFB9-4D7E-AB17-881E1D989CE6}.Debug|Any CPU.Build.0 = Debug|Any CPU
		{0CABBA4B-AFB9-4D7E-AB17-881E1D989CE6}.Release|Any CPU.ActiveCfg = Release|Any CPU
		{0CABBA4B-AFB9-4D7E-AB17-881E1D989CE6}.Release|Any CPU.Build.0 = Release|Any CPU
	EndGlobalSection
	GlobalSection(SolutionProperties) = preSolution
		HideSolutionNode = FALSE
	EndGlobalSection
	GlobalSection(ExtensibilityGlobals) = postSolution
		SolutionGuid = {C8623FE9-A705-4F0A-B14A-14800A8DF68D}
	EndGlobalSection
EndGlobal
